{"format_version":"1.2","terraform_version":"1.6.6","variables":{"cluster-name":{"value":"k8s-consiti"},"initial_node_count":{"value":2},"k8s-location":{"value":"us-east1-b"},"machine_type":{"value":"n1-standard-1"},"project_id":{"value":"oceanic-cacao-409806"},"vpc-location":{"value":"us-east1"}},"planned_values":{"outputs":{"endpoint":{"sensitive":false},"master_version":{"sensitive":false}},"root_module":{"resources":[{"address":"google_compute_network.vpc-main","mode":"managed","type":"google_compute_network","name":"vpc-main","provider_name":"registry.terraform.io/hashicorp/google","schema_version":0,"values":{"auto_create_subnetworks":false,"delete_default_routes_on_create":false,"description":null,"name":"felsv-oceanic-cacao-409806-vpc-1","timeouts":null},"sensitive_values":{}},{"address":"google_compute_subnetwork.subnet","mode":"managed","type":"google_compute_subnetwork","name":"subnet","provider_name":"registry.terraform.io/hashicorp/google","schema_version":0,"values":{"description":null,"ip_cidr_range":"10.10.0.0/24","ipv6_access_type":null,"log_config":[],"name":"felsv-oceanic-cacao-409806-subnet-1","network":"felsv-oceanic-cacao-409806-vpc-1","private_ip_google_access":null,"region":"us-east1","role":null,"timeouts":null},"sensitive_values":{"log_config":[],"secondary_ip_range":[]}},{"address":"google_container_cluster.k8s-cluster","mode":"managed","type":"google_container_cluster","name":"k8s-cluster","provider_name":"registry.terraform.io/hashicorp/google","schema_version":1,"values":{"description":"Creacion de un Cluster con GKE","enable_autopilot":null,"enable_binary_authorization":false,"enable_kubernetes_alpha":false,"enable_legacy_abac":true,"enable_tpu":null,"initial_node_count":2,"location":"us-east1-b","maintenance_policy":[],"master_auth":[{"client_certificate_config":[{"issue_client_certificate":false}],"password":null,"username":null}],"master_authorized_networks_config":[],"min_master_version":null,"name":"k8s-consiti","network":"felsv-oceanic-cacao-409806-vpc-1","pod_security_policy_config":[],"private_cluster_config":[],"project":"oceanic-cacao-409806","remove_default_node_pool":true,"resource_labels":null,"resource_usage_export_config":[],"subnetwork":"felsv-oceanic-cacao-409806-subnet-1","timeouts":null,"vertical_pod_autoscaling":[]},"sensitive_values":{"addons_config":[],"authenticator_groups_config":[],"cluster_autoscaling":[],"database_encryption":[],"default_snat_status":[],"instance_group_urls":[],"ip_allocation_policy":[],"logging_config":[],"maintenance_policy":[],"master_auth":[{"client_certificate_config":[{}]}],"master_authorized_networks_config":[],"monitoring_config":[],"network_policy":[],"node_config":[],"node_locations":[],"node_pool":[],"pod_security_policy_config":[],"private_cluster_config":[],"release_channel":[],"resource_usage_export_config":[],"vertical_pod_autoscaling":[],"workload_identity_config":[]}},{"address":"google_container_node_pool.default","mode":"managed","type":"google_container_node_pool","name":"default","provider_name":"registry.terraform.io/hashicorp/google","schema_version":1,"values":{"autoscaling":[],"cluster":"k8s-consiti","location":"us-east1-b","name":"k8s-consiti-node-pool","node_config":[{"disk_size_gb":10,"machine_type":"n1-standard-1","metadata":{"disable-legacy-endpoints":"true"},"min_cpu_platform":null,"oauth_scopes":["https://www.googleapis.com/auth/logging.write","https://www.googleapis.com/auth/monitoring"],"preemptible":true,"tags":null}],"node_count":3,"project":"oceanic-cacao-409806","timeouts":null},"sensitive_values":{"autoscaling":[],"instance_group_urls":[],"management":[],"node_config":[{"guest_accelerator":[],"labels":{},"metadata":{},"oauth_scopes":[false,false],"shielded_instance_config":[],"taint":[],"workload_metadata_config":[]}],"node_locations":[],"upgrade_settings":[]}}]}},"resource_changes":[{"address":"google_compute_network.vpc-main","mode":"managed","type":"google_compute_network","name":"vpc-main","provider_name":"registry.terraform.io/hashicorp/google","change":{"actions":["create"],"before":null,"after":{"auto_create_subnetworks":false,"delete_default_routes_on_create":false,"description":null,"name":"felsv-oceanic-cacao-409806-vpc-1","timeouts":null},"after_unknown":{"gateway_ipv4":true,"id":true,"mtu":true,"project":true,"routing_mode":true,"self_link":true},"before_sensitive":false,"after_sensitive":{}}},{"address":"google_compute_subnetwork.subnet","mode":"managed","type":"google_compute_subnetwork","name":"subnet","provider_name":"registry.terraform.io/hashicorp/google","change":{"actions":["create"],"before":null,"after":{"description":null,"ip_cidr_range":"10.10.0.0/24","ipv6_access_type":null,"log_config":[],"name":"felsv-oceanic-cacao-409806-subnet-1","network":"felsv-oceanic-cacao-409806-vpc-1","private_ip_google_access":null,"region":"us-east1","role":null,"timeouts":null},"after_unknown":{"creation_timestamp":true,"external_ipv6_prefix":true,"fingerprint":true,"gateway_address":true,"id":true,"ipv6_cidr_range":true,"log_config":[],"private_ipv6_google_access":true,"project":true,"purpose":true,"secondary_ip_range":true,"self_link":true,"stack_type":true},"before_sensitive":false,"after_sensitive":{"log_config":[],"secondary_ip_range":[]}}},{"address":"google_container_cluster.k8s-cluster","mode":"managed","type":"google_container_cluster","name":"k8s-cluster","provider_name":"registry.terraform.io/hashicorp/google","change":{"actions":["create"],"before":null,"after":{"description":"Creacion de un Cluster con GKE","enable_autopilot":null,"enable_binary_authorization":false,"enable_kubernetes_alpha":false,"enable_legacy_abac":true,"enable_tpu":null,"initial_node_count":2,"location":"us-east1-b","maintenance_policy":[],"master_auth":[{"client_certificate_config":[{"issue_client_certificate":false}],"password":null,"username":null}],"master_authorized_networks_config":[],"min_master_version":null,"name":"k8s-consiti","network":"felsv-oceanic-cacao-409806-vpc-1","pod_security_policy_config":[],"private_cluster_config":[],"project":"oceanic-cacao-409806","remove_default_node_pool":true,"resource_labels":null,"resource_usage_export_config":[],"subnetwork":"felsv-oceanic-cacao-409806-subnet-1","timeouts":null,"vertical_pod_autoscaling":[]},"after_unknown":{"addons_config":true,"authenticator_groups_config":true,"cluster_autoscaling":true,"cluster_ipv4_cidr":true,"database_encryption":true,"datapath_provider":true,"default_max_pods_per_node":true,"default_snat_status":true,"enable_intranode_visibility":true,"enable_shielded_nodes":true,"endpoint":true,"id":true,"instance_group_urls":true,"ip_allocation_policy":true,"label_fingerprint":true,"logging_config":true,"logging_service":true,"maintenance_policy":[],"master_auth":[{"client_certificate":true,"client_certificate_config":[{}],"client_key":true,"cluster_ca_certificate":true}],"master_authorized_networks_config":[],"master_version":true,"monitoring_config":true,"monitoring_service":true,"network_policy":true,"networking_mode":true,"node_config":true,"node_locations":true,"node_pool":true,"node_version":true,"operation":true,"pod_security_policy_config":[],"private_cluster_config":[],"private_ipv6_google_access":true,"release_channel":true,"resource_usage_export_config":[],"self_link":true,"services_ipv4_cidr":true,"tpu_ipv4_cidr_block":true,"vertical_pod_autoscaling":[],"workload_identity_config":true},"before_sensitive":false,"after_sensitive":{"addons_config":[],"authenticator_groups_config":[],"cluster_autoscaling":[],"database_encryption":[],"default_snat_status":[],"instance_group_urls":[],"ip_allocation_policy":[],"logging_config":[],"maintenance_policy":[],"master_auth":[{"client_certificate_config":[{}],"client_key":true,"password":true}],"master_authorized_networks_config":[],"monitoring_config":[],"network_policy":[],"node_config":[],"node_locations":[],"node_pool":[],"pod_security_policy_config":[],"private_cluster_config":[],"release_channel":[],"resource_usage_export_config":[],"vertical_pod_autoscaling":[],"workload_identity_config":[]}}},{"address":"google_container_node_pool.default","mode":"managed","type":"google_container_node_pool","name":"default","provider_name":"registry.terraform.io/hashicorp/google","change":{"actions":["create"],"before":null,"after":{"autoscaling":[],"cluster":"k8s-consiti","location":"us-east1-b","name":"k8s-consiti-node-pool","node_config":[{"disk_size_gb":10,"machine_type":"n1-standard-1","metadata":{"disable-legacy-endpoints":"true"},"min_cpu_platform":null,"oauth_scopes":["https://www.googleapis.com/auth/logging.write","https://www.googleapis.com/auth/monitoring"],"preemptible":true,"tags":null}],"node_count":3,"project":"oceanic-cacao-409806","timeouts":null},"after_unknown":{"autoscaling":[],"id":true,"initial_node_count":true,"instance_group_urls":true,"management":true,"max_pods_per_node":true,"name_prefix":true,"node_config":[{"disk_type":true,"guest_accelerator":true,"image_type":true,"labels":true,"local_ssd_count":true,"metadata":{},"oauth_scopes":[false,false],"service_account":true,"shielded_instance_config":true,"taint":true,"workload_metadata_config":true}],"node_locations":true,"operation":true,"upgrade_settings":true,"version":true},"before_sensitive":false,"after_sensitive":{"autoscaling":[],"instance_group_urls":[],"management":[],"node_config":[{"guest_accelerator":[],"labels":{},"metadata":{},"oauth_scopes":[false,false],"shielded_instance_config":[],"taint":[],"workload_metadata_config":[]}],"node_locations":[],"upgrade_settings":[]}}}],"output_changes":{"endpoint":{"actions":["create"],"before":null,"after_unknown":true,"before_sensitive":false,"after_sensitive":false},"master_version":{"actions":["create"],"before":null,"after_unknown":true,"before_sensitive":false,"after_sensitive":false}},"configuration":{"provider_config":{"google":{"name":"google","full_name":"registry.terraform.io/hashicorp/google","expressions":{"credentials":{},"project":{"references":["var.project_id"]}}}},"root_module":{"outputs":{"endpoint":{"expression":{"references":["google_container_cluster.k8s-cluster.endpoint","google_container_cluster.k8s-cluster"]}},"master_version":{"expression":{"references":["google_container_cluster.k8s-cluster.master_version","google_container_cluster.k8s-cluster"]}}},"resources":[{"address":"google_compute_network.vpc-main","mode":"managed","type":"google_compute_network","name":"vpc-main","provider_config_key":"google","expressions":{"auto_create_subnetworks":{"constant_value":"false"},"name":{"references":["var.project_id"]}},"schema_version":0},{"address":"google_compute_subnetwork.subnet","mode":"managed","type":"google_compute_subnetwork","name":"subnet","provider_config_key":"google","expressions":{"ip_cidr_range":{"constant_value":"10.10.0.0/24"},"name":{"references":["var.project_id"]},"network":{"references":["google_compute_network.vpc-main.name","google_compute_network.vpc-main"]},"region":{"references":["var.vpc-location"]}},"schema_version":0},{"address":"google_container_cluster.k8s-cluster","mode":"managed","type":"google_container_cluster","name":"k8s-cluster","provider_config_key":"google","expressions":{"description":{"constant_value":"Creacion de un Cluster con GKE"},"enable_legacy_abac":{"constant_value":true},"initial_node_count":{"references":["var.initial_node_count"]},"location":{"references":["var.k8s-location"]},"master_auth":[{"client_certificate_config":[{"issue_client_certificate":{"constant_value":false}}]}],"name":{"references":["var.cluster-name"]},"network":{"references":["google_compute_network.vpc-main.name","google_compute_network.vpc-main"]},"project":{"references":["var.project_id"]},"remove_default_node_pool":{"constant_value":true},"subnetwork":{"references":["google_compute_subnetwork.subnet.name","google_compute_subnetwork.subnet"]}},"schema_version":1},{"address":"google_container_node_pool.default","mode":"managed","type":"google_container_node_pool","name":"default","provider_config_key":"google","expressions":{"cluster":{"references":["google_container_cluster.k8s-cluster.name","google_container_cluster.k8s-cluster"]},"location":{"references":["var.k8s-location"]},"name":{"references":["var.cluster-name"]},"node_config":[{"disk_size_gb":{"constant_value":10},"machine_type":{"references":["var.machine_type"]},"metadata":{"constant_value":{"disable-legacy-endpoints":"true"}},"oauth_scopes":{"constant_value":["https://www.googleapis.com/auth/logging.write","https://www.googleapis.com/auth/monitoring"]},"preemptible":{"constant_value":true}}],"node_count":{"constant_value":3},"project":{"references":["var.project_id"]}},"schema_version":1}],"variables":{"cluster-name":{"default":"k8s-consiti"},"initial_node_count":{"default":2},"k8s-location":{"default":"us-east1-b"},"machine_type":{"default":"n1-standard-1"},"project_id":{"default":"oceanic-cacao-409806"},"vpc-location":{"default":"us-east1"}}}},"relevant_attributes":[{"resource":"google_compute_network.vpc-main","attribute":["name"]},{"resource":"google_compute_subnetwork.subnet","attribute":["name"]},{"resource":"google_container_cluster.k8s-cluster","attribute":["name"]},{"resource":"google_container_cluster.k8s-cluster","attribute":["master_version"]},{"resource":"google_container_cluster.k8s-cluster","attribute":["endpoint"]}],"timestamp":"2024-01-03T00:05:16Z","errored":false}
